{
  "projects": [
    {
      "projectId": "3MD3YMHyr4CCDJ57rgVToC",
      "version": "latest",
      "dependencies": {
        "7nJ7UcFmq9UzB6eXfC5z4a": "0.19.0"
      },
      "lang": "ts",
      "fileLocks": [
        {
          "type": "globalVariant",
          "assetId": "lsNZ11SGVt9",
          "checksum": "f5e82df8dac35a9d4fd496558f58708e"
        },
        {
          "type": "renderModule",
          "assetId": "R4O82lj9HS",
          "checksum": "cb7cbf1fe8c1e561137508a9d3a39af7"
        },
        {
          "type": "cssRules",
          "assetId": "R4O82lj9HS",
          "checksum": "cb7cbf1fe8c1e561137508a9d3a39af7"
        },
        {
          "type": "renderModule",
          "assetId": "ngMo6kfq9Gg",
          "checksum": "dfc9bced22c7ea3771e92a9b8e59d145"
        },
        {
          "type": "cssRules",
          "assetId": "ngMo6kfq9Gg",
          "checksum": "dfc9bced22c7ea3771e92a9b8e59d145"
        },
        {
          "type": "renderModule",
          "assetId": "QGkw_mRkJ_",
          "checksum": "d277c02362ce8b9acc39e2026458dab7"
        },
        {
          "type": "cssRules",
          "assetId": "QGkw_mRkJ_",
          "checksum": "d277c02362ce8b9acc39e2026458dab7"
        },
        {
          "type": "renderModule",
          "assetId": "xRqDpvXpSd",
          "checksum": "8b9d791e59260061fde0667507838206"
        },
        {
          "type": "cssRules",
          "assetId": "xRqDpvXpSd",
          "checksum": "8b9d791e59260061fde0667507838206"
        },
        {
          "type": "renderModule",
          "assetId": "O7uwZKiaC-",
          "checksum": "62eb3f562feab0d7754948f7d5ad8a70"
        },
        {
          "type": "cssRules",
          "assetId": "O7uwZKiaC-",
          "checksum": "62eb3f562feab0d7754948f7d5ad8a70"
        },
        {
          "type": "renderModule",
          "assetId": "rmXUMrGgJ9",
          "checksum": "d7887300bbb8ddd696a263302a789095"
        },
        {
          "type": "cssRules",
          "assetId": "rmXUMrGgJ9",
          "checksum": "d7887300bbb8ddd696a263302a789095"
        },
        {
          "type": "icon",
          "assetId": "CJJCP5BT0l8",
          "checksum": "7a5393c82d26f694358d045581054d8b"
        },
        {
          "type": "icon",
          "assetId": "1KMY4qHZjsV",
          "checksum": "f1bf60dd7efe7217dc8587b279c4cd83"
        },
        {
          "type": "icon",
          "assetId": "BD_wVlv8Xu",
          "checksum": "d2f3ca0323c30cbb1d951e56953bf4ff"
        },
        {
          "type": "icon",
          "assetId": "n1cHG05Tsu",
          "checksum": "bfddc0b6c0204775f0b029d18b257a99"
        },
        {
          "type": "icon",
          "assetId": "504EqujZny",
          "checksum": "96f772235106cc082ef12623b0165fbd"
        },
        {
          "type": "icon",
          "assetId": "QQEDTILigT",
          "checksum": "b73982bf02d2f984603a2fbc2495beec"
        },
        {
          "type": "icon",
          "assetId": "wvv1hW9P-q",
          "checksum": "6ed0863029047e54e1f5fd4cde262566"
        },
        {
          "type": "image",
          "assetId": "LDcfvzwNO",
          "checksum": "c339791b3602dd153d1f7469ebfd6a06"
        },
        {
          "type": "image",
          "assetId": "-AaW8Os1V",
          "checksum": "9edc3e2b027bf997f52e33ce613d608e"
        },
        {
          "type": "image",
          "assetId": "uZ1eZok2C",
          "checksum": "3eec68b10ed80e6219a42261b32768e4"
        },
        {
          "type": "image",
          "assetId": "0bwuP9vmb",
          "checksum": "c88a154a338197a03fe6c46bc63f2240"
        },
        {
          "type": "image",
          "assetId": "7dyABLqbe",
          "checksum": "b8cfdbbaa5e42da584b774273e483ff9"
        },
        {
          "type": "renderModule",
          "assetId": "qIXOvhOr5y",
          "checksum": "4cca1db332c14912c4d609b5bfa9b31f"
        },
        {
          "type": "cssRules",
          "assetId": "qIXOvhOr5y",
          "checksum": "4cca1db332c14912c4d609b5bfa9b31f"
        },
        {
          "type": "renderModule",
          "assetId": "tr-6NkU4A8",
          "checksum": "f4f758be044e27b00e708e9103a3cbd6"
        },
        {
          "type": "cssRules",
          "assetId": "tr-6NkU4A8",
          "checksum": "f4f758be044e27b00e708e9103a3cbd6"
        },
        {
          "type": "icon",
          "assetId": "nNagLOhiQFC",
          "checksum": "ef92875558729e779c1139f7491cc866"
        },
        {
          "type": "icon",
          "assetId": "euE5AX0aRe-",
          "checksum": "07eddf6965132d3314e3cf69615b10b5"
        },
        {
          "type": "icon",
          "assetId": "zsAEMvoLwun",
          "checksum": "292ef7eefeae5d76c362775a6b24a732"
        },
        {
          "type": "icon",
          "assetId": "O-m1-dk8M4",
          "checksum": "eb117ddf31505e097040cab41038b683"
        },
        {
          "type": "icon",
          "assetId": "h6oEZLAkBr",
          "checksum": "330b51c8014a0ba1e2fefa8b3d8c6c51"
        },
        {
          "type": "image",
          "assetId": "V5qqbRnW9SW",
          "checksum": "e1b00d3e7f37eebcdc3c7ee196dd76e3"
        },
        {
          "type": "renderModule",
          "assetId": "57_tBKHBNh",
          "checksum": "a4adf95113e8ccfac6b357be57603aa1"
        },
        {
          "type": "cssRules",
          "assetId": "57_tBKHBNh",
          "checksum": "a4adf95113e8ccfac6b357be57603aa1"
        },
        {
          "type": "renderModule",
          "assetId": "4jED4RlCxA",
          "checksum": "8e964efbd1e647356d682af2b84e619b"
        },
        {
          "type": "cssRules",
          "assetId": "4jED4RlCxA",
          "checksum": "8e964efbd1e647356d682af2b84e619b"
        },
        {
          "type": "renderModule",
          "assetId": "YH2nQETug0B",
          "checksum": "362cecd4720d8be15423473a84070daf"
        },
        {
          "type": "cssRules",
          "assetId": "YH2nQETug0B",
          "checksum": "362cecd4720d8be15423473a84070daf"
        },
        {
          "type": "icon",
          "assetId": "wRkivNa1q-",
          "checksum": "0b18d9abc448422eaff19407badf4ac4"
        },
        {
          "type": "icon",
          "assetId": "vpsf4vskOk",
          "checksum": "314c255ee4ae2a36dd6f86a8a39123d2"
        },
        {
          "type": "renderModule",
          "assetId": "0wbuJAhuDk",
          "checksum": "835000a642db9f689c4a94854ebd3601"
        },
        {
          "type": "cssRules",
          "assetId": "0wbuJAhuDk",
          "checksum": "835000a642db9f689c4a94854ebd3601"
        },
        {
          "type": "renderModule",
          "assetId": "ix2oWESV31",
          "checksum": "0497e53944c565885990eb56211bb45f"
        },
        {
          "type": "cssRules",
          "assetId": "ix2oWESV31",
          "checksum": "0497e53944c565885990eb56211bb45f"
        },
        {
          "assetId": "3MD3YMHyr4CCDJ57rgVToC",
          "type": "projectCss",
          "checksum": "d6649d4e39e627f4050950e106d8690c"
        }
      ],
      "codegenVersion": "0.0.1"
    },
    {
      "projectId": "7nJ7UcFmq9UzB6eXfC5z4a",
      "version": "0.19.0",
      "dependencies": {},
      "lang": "ts",
      "fileLocks": [
        {
          "assetId": "7nJ7UcFmq9UzB6eXfC5z4a",
          "type": "projectCss",
          "checksum": "05587b57f22f0ec8bb54543deb39762e"
        }
      ],
      "codegenVersion": "0.0.1"
    }
  ],
  "cliVersion": "0.1.257"
}
